{
  "version": 4,
  "terraform_version": "1.3.1",
  "serial": 4,
  "lineage": "5a92e3c3-5920-834f-0656-ada8c3ad40e8",
  "outputs": {},
  "resources": [
    {
      "mode": "managed",
      "type": "openstack_compute_instance_v2",
      "name": "basic",
      "provider": "provider[\"registry.terraform.io/terraform-provider-openstack/openstack\"]",
      "instances": [
        {
          "schema_version": 0,
          "attributes": {
            "access_ip_v4": "192.168.42.157",
            "access_ip_v6": "",
            "admin_pass": null,
            "all_metadata": {},
            "all_tags": [],
            "availability_zone": "nova",
            "availability_zone_hints": null,
            "block_device": [],
            "config_drive": null,
            "flavor_id": "2",
            "flavor_name": "m1.small",
            "floating_ip": null,
            "force_delete": false,
            "id": "6947c701-180d-40d4-8133-d52038a48049",
            "image_id": "266f2fcb-14e8-4ff2-be0c-6ca303a101da",
            "image_name": "Ubuntu-20.04",
            "key_pair": "",
            "metadata": null,
            "name": "vmbase",
            "network": [
              {
                "access_network": false,
                "fixed_ip_v4": "192.168.42.157",
                "fixed_ip_v6": "",
                "floating_ip": "",
                "mac": "fa:16:3e:c9:48:ce",
                "name": "PILOTA-DMZ-IT",
                "port": "",
                "uuid": "d4c5e936-dd41-4374-8d86-538fef9826d5"
              }
            ],
            "network_mode": null,
            "personality": [],
            "power_state": "active",
            "region": "bologna-1",
            "scheduler_hints": [],
            "security_groups": [
              "default"
            ],
            "stop_before_destroy": false,
            "tags": null,
            "timeouts": null,
            "user_data": null,
            "vendor_options": [],
            "volume": []
          },
          "sensitive_attributes": [],
          "private": "eyJlMmJmYjczMC1lY2FhLTExZTYtOGY4OC0zNDM2M2JjN2M0YzAiOnsiY3JlYXRlIjoxODAwMDAwMDAwMDAwLCJkZWxldGUiOjE4MDAwMDAwMDAwMDAsInVwZGF0ZSI6MTgwMDAwMDAwMDAwMH19"
        }
      ]
    }
  ],
  "check_results": []
}
