{
  "version": 4,
  "terraform_version": "1.3.1",
  "serial": 31,
  "lineage": "e35fd4fd-0d06-c1f9-7e69-cbcfd2f47e39",
  "outputs": {},
  "resources": [
    {
      "mode": "managed",
      "type": "openstack_compute_instance_v2",
      "name": "vmCaso2",
      "provider": "provider[\"registry.terraform.io/terraform-provider-openstack/openstack\"]",
      "instances": [
        {
          "schema_version": 0,
          "attributes": {
            "access_ip_v4": "10.0.100.100",
            "access_ip_v6": "",
            "admin_pass": null,
            "all_metadata": {},
            "all_tags": [],
            "availability_zone": "nova",
            "availability_zone_hints": null,
            "block_device": [],
            "config_drive": null,
            "flavor_id": "2",
            "flavor_name": "m1.small",
            "floating_ip": null,
            "force_delete": false,
            "id": "2abc06ae-5e12-4c8c-996c-aeceddc31572",
            "image_id": "266f2fcb-14e8-4ff2-be0c-6ca303a101da",
            "image_name": "Ubuntu-20.04",
            "key_pair": "",
            "metadata": null,
            "name": "Caso2vmbase",
            "network": [
              {
                "access_network": false,
                "fixed_ip_v4": "10.0.100.100",
                "fixed_ip_v6": "",
                "floating_ip": "",
                "mac": "fa:16:3e:70:b4:a9",
                "name": "network_1",
                "port": "97b1a8ad-7a96-428c-b869-80299a23b066",
                "uuid": "50ceb1a6-8595-4bfd-ba77-cbe5134ee798"
              }
            ],
            "network_mode": null,
            "personality": [],
            "power_state": "active",
            "region": "bologna-1",
            "scheduler_hints": [],
            "security_groups": [
              "default"
            ],
            "stop_before_destroy": false,
            "tags": null,
            "timeouts": null,
            "user_data": null,
            "vendor_options": [],
            "volume": []
          },
          "sensitive_attributes": [],
          "private": "eyJlMmJmYjczMC1lY2FhLTExZTYtOGY4OC0zNDM2M2JjN2M0YzAiOnsiY3JlYXRlIjoxODAwMDAwMDAwMDAwLCJkZWxldGUiOjE4MDAwMDAwMDAwMDAsInVwZGF0ZSI6MTgwMDAwMDAwMDAwMH19",
          "dependencies": [
            "openstack_compute_secgroup_v2.secgroup_1",
            "openstack_networking_network_v2.network_1",
            "openstack_networking_port_v2.port_1",
            "openstack_networking_subnet_v2.subnet_1"
          ]
        }
      ]
    },
    {
      "mode": "managed",
      "type": "openstack_compute_secgroup_v2",
      "name": "secgroup_1",
      "provider": "provider[\"registry.terraform.io/terraform-provider-openstack/openstack\"]",
      "instances": [
        {
          "schema_version": 0,
          "attributes": {
            "description": "a security group",
            "id": "b73522d0-83ac-4b4f-8d55-c9cbab808ee5",
            "name": "secgroup_1",
            "region": "bologna-1",
            "rule": [
              {
                "cidr": "0.0.0.0/0",
                "from_group_id": "",
                "from_port": 22,
                "id": "bffcec12-a76a-4ada-a517-bbcb59df6a5d",
                "ip_protocol": "tcp",
                "self": false,
                "to_port": 22
              }
            ],
            "timeouts": null
          },
          "sensitive_attributes": [],
          "private": "eyJlMmJmYjczMC1lY2FhLTExZTYtOGY4OC0zNDM2M2JjN2M0YzAiOnsiZGVsZXRlIjo2MDAwMDAwMDAwMDB9fQ=="
        }
      ]
    },
    {
      "mode": "managed",
      "type": "openstack_networking_network_v2",
      "name": "network_1",
      "provider": "provider[\"registry.terraform.io/terraform-provider-openstack/openstack\"]",
      "instances": [
        {
          "schema_version": 0,
          "attributes": {
            "admin_state_up": true,
            "all_tags": [],
            "availability_zone_hints": [],
            "description": "",
            "dns_domain": "",
            "external": false,
            "id": "50ceb1a6-8595-4bfd-ba77-cbe5134ee798",
            "mtu": 1450,
            "name": "network_1",
            "port_security_enabled": true,
            "qos_policy_id": "",
            "region": "bologna-1",
            "segments": [],
            "shared": false,
            "tags": null,
            "tenant_id": "bb54de11d9804ed3a8c39b5d926bfa13",
            "timeouts": null,
            "transparent_vlan": false,
            "value_specs": null
          },
          "sensitive_attributes": [],
          "private": "eyJlMmJmYjczMC1lY2FhLTExZTYtOGY4OC0zNDM2M2JjN2M0YzAiOnsiY3JlYXRlIjo2MDAwMDAwMDAwMDAsImRlbGV0ZSI6NjAwMDAwMDAwMDAwfX0="
        }
      ]
    },
    {
      "mode": "managed",
      "type": "openstack_networking_port_v2",
      "name": "port_1",
      "provider": "provider[\"registry.terraform.io/terraform-provider-openstack/openstack\"]",
      "instances": [
        {
          "schema_version": 0,
          "attributes": {
            "admin_state_up": true,
            "all_fixed_ips": [
              "10.0.100.100"
            ],
            "all_security_group_ids": [
              "b73522d0-83ac-4b4f-8d55-c9cbab808ee5"
            ],
            "all_tags": [],
            "allowed_address_pairs": [],
            "binding": [
              {
                "host_id": "",
                "profile": "{}",
                "vif_details": {},
                "vif_type": "unbound",
                "vnic_type": "normal"
              }
            ],
            "description": "",
            "device_id": "",
            "device_owner": "",
            "dns_assignment": [],
            "dns_name": "",
            "extra_dhcp_option": [],
            "fixed_ip": [
              {
                "ip_address": "10.0.100.100",
                "subnet_id": "66add887-4e42-4b69-89d0-b0ea94f1e774"
              }
            ],
            "id": "97b1a8ad-7a96-428c-b869-80299a23b066",
            "mac_address": "fa:16:3e:70:b4:a9",
            "name": "port_1",
            "network_id": "50ceb1a6-8595-4bfd-ba77-cbe5134ee798",
            "no_fixed_ip": null,
            "no_security_groups": null,
            "port_security_enabled": true,
            "qos_policy_id": "",
            "region": "bologna-1",
            "security_group_ids": [
              "b73522d0-83ac-4b4f-8d55-c9cbab808ee5"
            ],
            "tags": null,
            "tenant_id": "bb54de11d9804ed3a8c39b5d926bfa13",
            "timeouts": null,
            "value_specs": null
          },
          "sensitive_attributes": [],
          "private": "eyJlMmJmYjczMC1lY2FhLTExZTYtOGY4OC0zNDM2M2JjN2M0YzAiOnsiY3JlYXRlIjo2MDAwMDAwMDAwMDAsImRlbGV0ZSI6NjAwMDAwMDAwMDAwfX0=",
          "dependencies": [
            "openstack_compute_secgroup_v2.secgroup_1",
            "openstack_networking_network_v2.network_1",
            "openstack_networking_subnet_v2.subnet_1"
          ]
        }
      ]
    },
    {
      "mode": "managed",
      "type": "openstack_networking_router_interface_v2",
      "name": "router_interface_1",
      "provider": "provider[\"registry.terraform.io/terraform-provider-openstack/openstack\"]",
      "instances": [
        {
          "schema_version": 0,
          "attributes": {
            "id": "fce4a91b-ec7a-4c59-884a-df0727c2993f",
            "port_id": "fce4a91b-ec7a-4c59-884a-df0727c2993f",
            "region": "bologna-1",
            "router_id": "a7aa2705-8905-4068-a99e-27099aea41e6",
            "subnet_id": "66add887-4e42-4b69-89d0-b0ea94f1e774",
            "timeouts": null
          },
          "sensitive_attributes": [],
          "private": "eyJlMmJmYjczMC1lY2FhLTExZTYtOGY4OC0zNDM2M2JjN2M0YzAiOnsiY3JlYXRlIjo2MDAwMDAwMDAwMDAsImRlbGV0ZSI6NjAwMDAwMDAwMDAwfX0=",
          "dependencies": [
            "openstack_networking_network_v2.network_1",
            "openstack_networking_router_v2.router_1",
            "openstack_networking_subnet_v2.subnet_1"
          ]
        }
      ]
    },
    {
      "mode": "managed",
      "type": "openstack_networking_router_v2",
      "name": "router_1",
      "provider": "provider[\"registry.terraform.io/terraform-provider-openstack/openstack\"]",
      "instances": [
        {
          "schema_version": 0,
          "attributes": {
            "admin_state_up": true,
            "all_tags": [],
            "availability_zone_hints": [],
            "description": "",
            "distributed": false,
            "enable_snat": true,
            "external_fixed_ip": [
              {
                "ip_address": "192.168.42.174",
                "subnet_id": "a6268e9a-f3c1-481d-bfca-f322626326f7"
              }
            ],
            "external_gateway": "d4c5e936-dd41-4374-8d86-538fef9826d5",
            "external_network_id": "d4c5e936-dd41-4374-8d86-538fef9826d5",
            "id": "a7aa2705-8905-4068-a99e-27099aea41e6",
            "name": "my_router",
            "region": "bologna-1",
            "tags": null,
            "tenant_id": "bb54de11d9804ed3a8c39b5d926bfa13",
            "timeouts": null,
            "value_specs": null,
            "vendor_options": []
          },
          "sensitive_attributes": [],
          "private": "eyJlMmJmYjczMC1lY2FhLTExZTYtOGY4OC0zNDM2M2JjN2M0YzAiOnsiY3JlYXRlIjo2MDAwMDAwMDAwMDAsImRlbGV0ZSI6NjAwMDAwMDAwMDAwfX0="
        }
      ]
    },
    {
      "mode": "managed",
      "type": "openstack_networking_subnet_v2",
      "name": "subnet_1",
      "provider": "provider[\"registry.terraform.io/terraform-provider-openstack/openstack\"]",
      "instances": [
        {
          "schema_version": 0,
          "attributes": {
            "all_tags": [],
            "allocation_pool": [
              {
                "end": "10.0.100.254",
                "start": "10.0.100.2"
              }
            ],
            "allocation_pools": [
              {
                "end": "10.0.100.254",
                "start": "10.0.100.2"
              }
            ],
            "cidr": "10.0.100.0/24",
            "description": "",
            "dns_nameservers": null,
            "enable_dhcp": true,
            "gateway_ip": "10.0.100.1",
            "host_routes": [],
            "id": "66add887-4e42-4b69-89d0-b0ea94f1e774",
            "ip_version": 4,
            "ipv6_address_mode": "",
            "ipv6_ra_mode": "",
            "name": "subnet_1",
            "network_id": "50ceb1a6-8595-4bfd-ba77-cbe5134ee798",
            "no_gateway": false,
            "prefix_length": null,
            "region": "bologna-1",
            "subnetpool_id": "",
            "tags": null,
            "tenant_id": "bb54de11d9804ed3a8c39b5d926bfa13",
            "timeouts": null,
            "value_specs": null
          },
          "sensitive_attributes": [],
          "private": "eyJlMmJmYjczMC1lY2FhLTExZTYtOGY4OC0zNDM2M2JjN2M0YzAiOnsiY3JlYXRlIjo2MDAwMDAwMDAwMDAsImRlbGV0ZSI6NjAwMDAwMDAwMDAwfX0=",
          "dependencies": [
            "openstack_networking_network_v2.network_1"
          ]
        }
      ]
    }
  ],
  "check_results": []
}
